
Microsoft Visual Studio Solution File, Format Version 12.00
# Visual Studio 15
VisualStudioVersion = 15.0.28307.852
MinimumVisualStudioVersion = 10.0.40219.1
Project("{2150E333-8FDC-42A3-9474-1A3956D46DE8}") = "Feature", "Feature", "{3174C4FF-99E3-49AE-814F-680759D5270F}"
EndProject
Project("{2150E333-8FDC-42A3-9474-1A3956D46DE8}") = "Foundation", "Foundation", "{D9EDCBF2-858E-498E-B618-F2B3C3D40C92}"
EndProject
Project("{2150E333-8FDC-42A3-9474-1A3956D46DE8}") = "Project", "Project", "{D9113BAF-8BC0-427A-8D84-75C7A27E0912}"
EndProject
Project("{2150E333-8FDC-42A3-9474-1A3956D46DE8}") = "Serialization", "Serialization", "{7005540F-7444-4CB8-AFDC-18BF4EEEBEAB}"
EndProject
Project("{FAE04EC0-301F-11D3-BF4B-00C04F79EFBC}") = "Sam.ATV.Web", "Project\Sam.ATV.Web\Sam.ATV.Web.csproj", "{C69BC053-8A65-4A06-A844-E7B957F3BDFB}"
EndProject
Project("{FAE04EC0-301F-11D3-BF4B-00C04F79EFBC}") = "Sam.ATV.Serialization", "Serialization\Sam.ATV.Serialization\Sam.ATV.Serialization.csproj", "{789EF5D0-9839-4DAA-B53E-1ABA174BD1A2}"
EndProject
Project("{FAE04EC0-301F-11D3-BF4B-00C04F79EFBC}") = "Sam.Feature.MyButton", "Feature\Sam.Feature.MyButton\Sam.Feature.MyButton.csproj", "{D03C2539-59A4-4DB0-BB72-E19B4771FD41}"
EndProject
Project("{FAE04EC0-301F-11D3-BF4B-00C04F79EFBC}") = "Sam.Feature.Slider", "Feature\Sam.Feature.Slider\Sam.Feature.Slider.csproj", "{210E5F42-CCF1-4C63-8868-DEC62174DABC}"
EndProject
Project("{FAE04EC0-301F-11D3-BF4B-00C04F79EFBC}") = "Sam.Foundation.Sam.Foundation.DependencyInjection", "Foundation\Sam.Foundation.Sam.Foundation.DependencyInjection\Sam.Foundation.Sam.Foundation.DependencyInjection.csproj", "{E20A1ED5-8CBA-46C4-BCD0-70AF20B50290}"
EndProject
Project("{FAE04EC0-301F-11D3-BF4B-00C04F79EFBC}") = "Sam.Foundation.Glassmapper", "Foundation\Sam.Foundation.Glassmapper\Sam.Foundation.Glassmapper.csproj", "{4A287BF7-E246-47C8-A3AD-BB9E7BEB8A60}"
EndProject
Project("{FAE04EC0-301F-11D3-BF4B-00C04F79EFBC}") = "Sam.Feature.BikeCard", "Feature\Sam.Feature.BikeCard\Sam.Feature.BikeCard.csproj", "{4DD6FC11-0B83-45A6-8873-3F5741B8F14C}"
EndProject
Project("{2150E333-8FDC-42A3-9474-1A3956D46DE8}") = "Orm", "Orm", "{276B1264-5665-4C3A-8D41-8397973A6928}"
EndProject
Project("{FAE04EC0-301F-11D3-BF4B-00C04F79EFBC}") = "Sam.Foundation.Orm", "Foundation\Orm\Sam.Foundation.Orm\Sam.Foundation.Orm.csproj", "{ED3F0E60-B960-476B-93FB-78D5B9678D66}"
EndProject
Project("{2150E333-8FDC-42A3-9474-1A3956D46DE8}") = "Model", "Model", "{7BA305D6-E3A5-49CC-8D25-36C8BB0D32BF}"
EndProject
Project("{FAE04EC0-301F-11D3-BF4B-00C04F79EFBC}") = "Sam.Foundation.Model", "Foundation\Model\Sam.Foundation.Model\Sam.Foundation.Model.csproj", "{E8D37772-A207-4F5D-8B83-1868C222F503}"
EndProject
Project("{2150E333-8FDC-42A3-9474-1A3956D46DE8}") = "Repository", "Repository", "{66B18ACF-5016-46A2-BAA5-ECC9EDF91E53}"
EndProject
Project("{FAE04EC0-301F-11D3-BF4B-00C04F79EFBC}") = "Sam.Foundation.Repository", "Foundation\Repository\Sam.Foundation.Repository\Sam.Foundation.Repository.csproj", "{DC181E1F-D1CF-4E5A-BDCE-2F36211063FF}"
EndProject
Project("{2150E333-8FDC-42A3-9474-1A3956D46DE8}") = "IoC", "IoC", "{7D7B42D5-D128-493C-8654-102C06B967C1}"
EndProject
Project("{FAE04EC0-301F-11D3-BF4B-00C04F79EFBC}") = "Sam.Foundation.IoC", "Foundation\IoC\Sam.Foundation.IoC\Sam.Foundation.IoC.csproj", "{EEAE3F74-D3CB-4984-A9A7-A4CCE24A3C00}"
EndProject
Global
	GlobalSection(SolutionConfigurationPlatforms) = preSolution
		Debug|Any CPU = Debug|Any CPU
		Release|Any CPU = Release|Any CPU
	EndGlobalSection
	GlobalSection(ProjectConfigurationPlatforms) = postSolution
		{C69BC053-8A65-4A06-A844-E7B957F3BDFB}.Debug|Any CPU.ActiveCfg = Debug|Any CPU
		{C69BC053-8A65-4A06-A844-E7B957F3BDFB}.Debug|Any CPU.Build.0 = Debug|Any CPU
		{C69BC053-8A65-4A06-A844-E7B957F3BDFB}.Release|Any CPU.ActiveCfg = Release|Any CPU
		{C69BC053-8A65-4A06-A844-E7B957F3BDFB}.Release|Any CPU.Build.0 = Release|Any CPU
		{789EF5D0-9839-4DAA-B53E-1ABA174BD1A2}.Debug|Any CPU.ActiveCfg = Debug|Any CPU
		{789EF5D0-9839-4DAA-B53E-1ABA174BD1A2}.Debug|Any CPU.Build.0 = Debug|Any CPU
		{789EF5D0-9839-4DAA-B53E-1ABA174BD1A2}.Release|Any CPU.ActiveCfg = Release|Any CPU
		{789EF5D0-9839-4DAA-B53E-1ABA174BD1A2}.Release|Any CPU.Build.0 = Release|Any CPU
		{D03C2539-59A4-4DB0-BB72-E19B4771FD41}.Debug|Any CPU.ActiveCfg = Debug|Any CPU
		{D03C2539-59A4-4DB0-BB72-E19B4771FD41}.Debug|Any CPU.Build.0 = Debug|Any CPU
		{D03C2539-59A4-4DB0-BB72-E19B4771FD41}.Release|Any CPU.ActiveCfg = Release|Any CPU
		{D03C2539-59A4-4DB0-BB72-E19B4771FD41}.Release|Any CPU.Build.0 = Release|Any CPU
		{210E5F42-CCF1-4C63-8868-DEC62174DABC}.Debug|Any CPU.ActiveCfg = Debug|Any CPU
		{210E5F42-CCF1-4C63-8868-DEC62174DABC}.Debug|Any CPU.Build.0 = Debug|Any CPU
		{210E5F42-CCF1-4C63-8868-DEC62174DABC}.Release|Any CPU.ActiveCfg = Release|Any CPU
		{210E5F42-CCF1-4C63-8868-DEC62174DABC}.Release|Any CPU.Build.0 = Release|Any CPU
		{E20A1ED5-8CBA-46C4-BCD0-70AF20B50290}.Debug|Any CPU.ActiveCfg = Debug|Any CPU
		{E20A1ED5-8CBA-46C4-BCD0-70AF20B50290}.Debug|Any CPU.Build.0 = Debug|Any CPU
		{E20A1ED5-8CBA-46C4-BCD0-70AF20B50290}.Release|Any CPU.ActiveCfg = Release|Any CPU
		{E20A1ED5-8CBA-46C4-BCD0-70AF20B50290}.Release|Any CPU.Build.0 = Release|Any CPU
		{4A287BF7-E246-47C8-A3AD-BB9E7BEB8A60}.Debug|Any CPU.ActiveCfg = Debug|Any CPU
		{4A287BF7-E246-47C8-A3AD-BB9E7BEB8A60}.Debug|Any CPU.Build.0 = Debug|Any CPU
		{4A287BF7-E246-47C8-A3AD-BB9E7BEB8A60}.Release|Any CPU.ActiveCfg = Release|Any CPU
		{4A287BF7-E246-47C8-A3AD-BB9E7BEB8A60}.Release|Any CPU.Build.0 = Release|Any CPU
		{4DD6FC11-0B83-45A6-8873-3F5741B8F14C}.Debug|Any CPU.ActiveCfg = Debug|Any CPU
		{4DD6FC11-0B83-45A6-8873-3F5741B8F14C}.Debug|Any CPU.Build.0 = Debug|Any CPU
		{4DD6FC11-0B83-45A6-8873-3F5741B8F14C}.Release|Any CPU.ActiveCfg = Release|Any CPU
		{4DD6FC11-0B83-45A6-8873-3F5741B8F14C}.Release|Any CPU.Build.0 = Release|Any CPU
		{ED3F0E60-B960-476B-93FB-78D5B9678D66}.Debug|Any CPU.ActiveCfg = Debug|Any CPU
		{ED3F0E60-B960-476B-93FB-78D5B9678D66}.Debug|Any CPU.Build.0 = Debug|Any CPU
		{ED3F0E60-B960-476B-93FB-78D5B9678D66}.Release|Any CPU.ActiveCfg = Release|Any CPU
		{ED3F0E60-B960-476B-93FB-78D5B9678D66}.Release|Any CPU.Build.0 = Release|Any CPU
		{E8D37772-A207-4F5D-8B83-1868C222F503}.Debug|Any CPU.ActiveCfg = Debug|Any CPU
		{E8D37772-A207-4F5D-8B83-1868C222F503}.Debug|Any CPU.Build.0 = Debug|Any CPU
		{E8D37772-A207-4F5D-8B83-1868C222F503}.Release|Any CPU.ActiveCfg = Release|Any CPU
		{E8D37772-A207-4F5D-8B83-1868C222F503}.Release|Any CPU.Build.0 = Release|Any CPU
		{DC181E1F-D1CF-4E5A-BDCE-2F36211063FF}.Debug|Any CPU.ActiveCfg = Debug|Any CPU
		{DC181E1F-D1CF-4E5A-BDCE-2F36211063FF}.Debug|Any CPU.Build.0 = Debug|Any CPU
		{DC181E1F-D1CF-4E5A-BDCE-2F36211063FF}.Release|Any CPU.ActiveCfg = Release|Any CPU
		{DC181E1F-D1CF-4E5A-BDCE-2F36211063FF}.Release|Any CPU.Build.0 = Release|Any CPU
		{EEAE3F74-D3CB-4984-A9A7-A4CCE24A3C00}.Debug|Any CPU.ActiveCfg = Debug|Any CPU
		{EEAE3F74-D3CB-4984-A9A7-A4CCE24A3C00}.Debug|Any CPU.Build.0 = Debug|Any CPU
		{EEAE3F74-D3CB-4984-A9A7-A4CCE24A3C00}.Release|Any CPU.ActiveCfg = Release|Any CPU
		{EEAE3F74-D3CB-4984-A9A7-A4CCE24A3C00}.Release|Any CPU.Build.0 = Release|Any CPU
	EndGlobalSection
	GlobalSection(SolutionProperties) = preSolution
		HideSolutionNode = FALSE
	EndGlobalSection
	GlobalSection(NestedProjects) = preSolution
		{C69BC053-8A65-4A06-A844-E7B957F3BDFB} = {D9113BAF-8BC0-427A-8D84-75C7A27E0912}
		{789EF5D0-9839-4DAA-B53E-1ABA174BD1A2} = {7005540F-7444-4CB8-AFDC-18BF4EEEBEAB}
		{D03C2539-59A4-4DB0-BB72-E19B4771FD41} = {3174C4FF-99E3-49AE-814F-680759D5270F}
		{210E5F42-CCF1-4C63-8868-DEC62174DABC} = {3174C4FF-99E3-49AE-814F-680759D5270F}
		{E20A1ED5-8CBA-46C4-BCD0-70AF20B50290} = {D9EDCBF2-858E-498E-B618-F2B3C3D40C92}
		{4A287BF7-E246-47C8-A3AD-BB9E7BEB8A60} = {D9EDCBF2-858E-498E-B618-F2B3C3D40C92}
		{4DD6FC11-0B83-45A6-8873-3F5741B8F14C} = {3174C4FF-99E3-49AE-814F-680759D5270F}
		{276B1264-5665-4C3A-8D41-8397973A6928} = {D9EDCBF2-858E-498E-B618-F2B3C3D40C92}
		{ED3F0E60-B960-476B-93FB-78D5B9678D66} = {276B1264-5665-4C3A-8D41-8397973A6928}
		{7BA305D6-E3A5-49CC-8D25-36C8BB0D32BF} = {D9EDCBF2-858E-498E-B618-F2B3C3D40C92}
		{E8D37772-A207-4F5D-8B83-1868C222F503} = {7BA305D6-E3A5-49CC-8D25-36C8BB0D32BF}
		{66B18ACF-5016-46A2-BAA5-ECC9EDF91E53} = {D9EDCBF2-858E-498E-B618-F2B3C3D40C92}
		{DC181E1F-D1CF-4E5A-BDCE-2F36211063FF} = {66B18ACF-5016-46A2-BAA5-ECC9EDF91E53}
		{7D7B42D5-D128-493C-8654-102C06B967C1} = {D9EDCBF2-858E-498E-B618-F2B3C3D40C92}
		{EEAE3F74-D3CB-4984-A9A7-A4CCE24A3C00} = {7D7B42D5-D128-493C-8654-102C06B967C1}
	EndGlobalSection
	GlobalSection(ExtensibilityGlobals) = postSolution
		SolutionGuid = {395B8A59-E537-4C4A-97F8-3F6A5FC50D89}
	EndGlobalSection
EndGlobal
